<Solution>
  <Folder Name="/src/">
    <Project Path="src/DindinBuddies.Api/DindinBuddies.Api.csproj" />
    <Project Path="src/DindinBuddies.Application/DindinBuddies.Application.csproj" />
    <Project Path="src/DindinBuddies.Domain/DindinBuddies.Domain.csproj" />
    <Project Path="src/DindinBuddies.Infrastructure/DindinBuddies.Infrastructure.csproj" />
  </Folder>
  <Folder Name="/tests/">
    <Project Path="tests/DindinBuddies.UnitTests/DindinBuddies.UnitTests.csproj" />
  </Folder>
</Solution>
